
Microsoft Visual Studio Solution File, Format Version 12.00
# Visual Studio Version 16
VisualStudioVersion = 16.0.30413.136
MinimumVisualStudioVersion = 10.0.40219.1
Project("{8BC9CEB8-8B4A-11D0-8D11-00A0C91BC942}") = "Assignment 01 Graded Participation", "Assignment 01 Graded Participation\Assignment 01 Graded Participation.vcxproj", "{48029ECE-1973-4F8B-9D55-5141EEE707ED}"
EndProject
Global
	GlobalSection(SolutionConfigurationPlatforms) = preSolution
		Debug|x64 = Debug|x64
		Debug|x86 = Debug|x86
		Release|x64 = Release|x64
		Release|x86 = Release|x86
	EndGlobalSection
	GlobalSection(ProjectConfigurationPlatforms) = postSolution
		{48029ECE-1973-4F8B-9D55-5141EEE707ED}.Debug|x64.ActiveCfg = Debug|x64
		{48029ECE-1973-4F8B-9D55-5141EEE707ED}.Debug|x64.Build.0 = Debug|x64
		{48029ECE-1973-4F8B-9D55-5141EEE707ED}.Debug|x86.ActiveCfg = Debug|Win32
		{48029ECE-1973-4F8B-9D55-5141EEE707ED}.Debug|x86.Build.0 = Debug|Win32
		{48029ECE-1973-4F8B-9D55-5141EEE707ED}.Release|x64.ActiveCfg = Release|x64
		{48029ECE-1973-4F8B-9D55-5141EEE707ED}.Release|x64.Build.0 = Release|x64
		{48029ECE-1973-4F8B-9D55-5141EEE707ED}.Release|x86.ActiveCfg = Release|Win32
		{48029ECE-1973-4F8B-9D55-5141EEE707ED}.Release|x86.Build.0 = Release|Win32
	EndGlobalSection
	GlobalSection(SolutionProperties) = preSolution
		HideSolutionNode = FALSE
	EndGlobalSection
	GlobalSection(ExtensibilityGlobals) = postSolution
		SolutionGuid = {8769F308-7D3E-4DC9-8A69-9F2A052B1BD1}
	EndGlobalSection
EndGlobal
