
Microsoft Visual Studio Solution File, Format Version 12.00
# Visual Studio Version 16
VisualStudioVersion = 16.0.30523.141
MinimumVisualStudioVersion = 10.0.40219.1
Project("{8BC9CEB8-8B4A-11D0-8D11-00A0C91BC942}") = "Midterm Q2", "Midterm Q2\Midterm Q2.vcxproj", "{33CEAF6F-03DE-48FA-9DC5-06F59A23A12B}"
EndProject
Global
	GlobalSection(SolutionConfigurationPlatforms) = preSolution
		Debug|x64 = Debug|x64
		Debug|x86 = Debug|x86
		Release|x64 = Release|x64
		Release|x86 = Release|x86
	EndGlobalSection
	GlobalSection(ProjectConfigurationPlatforms) = postSolution
		{33CEAF6F-03DE-48FA-9DC5-06F59A23A12B}.Debug|x64.ActiveCfg = Debug|x64
		{33CEAF6F-03DE-48FA-9DC5-06F59A23A12B}.Debug|x64.Build.0 = Debug|x64
		{33CEAF6F-03DE-48FA-9DC5-06F59A23A12B}.Debug|x86.ActiveCfg = Debug|Win32
		{33CEAF6F-03DE-48FA-9DC5-06F59A23A12B}.Debug|x86.Build.0 = Debug|Win32
		{33CEAF6F-03DE-48FA-9DC5-06F59A23A12B}.Release|x64.ActiveCfg = Release|x64
		{33CEAF6F-03DE-48FA-9DC5-06F59A23A12B}.Release|x64.Build.0 = Release|x64
		{33CEAF6F-03DE-48FA-9DC5-06F59A23A12B}.Release|x86.ActiveCfg = Release|Win32
		{33CEAF6F-03DE-48FA-9DC5-06F59A23A12B}.Release|x86.Build.0 = Release|Win32
	EndGlobalSection
	GlobalSection(SolutionProperties) = preSolution
		HideSolutionNode = FALSE
	EndGlobalSection
	GlobalSection(ExtensibilityGlobals) = postSolution
		SolutionGuid = {C0500CB3-AA23-424C-A6BF-099CADCA9398}
	EndGlobalSection
EndGlobal
