
Microsoft Visual Studio Solution File, Format Version 12.00
# Visual Studio Version 16
VisualStudioVersion = 16.0.30717.126
MinimumVisualStudioVersion = 10.0.40219.1
Project("{8BC9CEB8-8B4A-11D0-8D11-00A0C91BC942}") = "Assignment 14 Random Number Guesser", "Assignment 14 Random Number Guesser\Assignment 14 Random Number Guesser.vcxproj", "{C9AF658E-5818-4F87-86E0-5C836740DED6}"
EndProject
Global
	GlobalSection(SolutionConfigurationPlatforms) = preSolution
		Debug|x64 = Debug|x64
		Debug|x86 = Debug|x86
		Release|x64 = Release|x64
		Release|x86 = Release|x86
	EndGlobalSection
	GlobalSection(ProjectConfigurationPlatforms) = postSolution
		{C9AF658E-5818-4F87-86E0-5C836740DED6}.Debug|x64.ActiveCfg = Debug|x64
		{C9AF658E-5818-4F87-86E0-5C836740DED6}.Debug|x64.Build.0 = Debug|x64
		{C9AF658E-5818-4F87-86E0-5C836740DED6}.Debug|x86.ActiveCfg = Debug|Win32
		{C9AF658E-5818-4F87-86E0-5C836740DED6}.Debug|x86.Build.0 = Debug|Win32
		{C9AF658E-5818-4F87-86E0-5C836740DED6}.Release|x64.ActiveCfg = Release|x64
		{C9AF658E-5818-4F87-86E0-5C836740DED6}.Release|x64.Build.0 = Release|x64
		{C9AF658E-5818-4F87-86E0-5C836740DED6}.Release|x86.ActiveCfg = Release|Win32
		{C9AF658E-5818-4F87-86E0-5C836740DED6}.Release|x86.Build.0 = Release|Win32
	EndGlobalSection
	GlobalSection(SolutionProperties) = preSolution
		HideSolutionNode = FALSE
	EndGlobalSection
	GlobalSection(ExtensibilityGlobals) = postSolution
		SolutionGuid = {BD208204-11A7-454F-99E7-740568C8AAF3}
	EndGlobalSection
EndGlobal
