
Microsoft Visual Studio Solution File, Format Version 12.00
# Visual Studio Version 16
VisualStudioVersion = 16.0.30406.217
MinimumVisualStudioVersion = 10.0.40219.1
Project("{8BC9CEB8-8B4A-11D0-8D11-00A0C91BC942}") = "Assignment 0 First Program", "Assignment 0 First Program\Assignment 0 First Program.vcxproj", "{B83174D2-7928-4CC4-8EF2-5223FA2F5103}"
EndProject
Global
	GlobalSection(SolutionConfigurationPlatforms) = preSolution
		Debug|x64 = Debug|x64
		Debug|x86 = Debug|x86
		Release|x64 = Release|x64
		Release|x86 = Release|x86
	EndGlobalSection
	GlobalSection(ProjectConfigurationPlatforms) = postSolution
		{B83174D2-7928-4CC4-8EF2-5223FA2F5103}.Debug|x64.ActiveCfg = Debug|x64
		{B83174D2-7928-4CC4-8EF2-5223FA2F5103}.Debug|x64.Build.0 = Debug|x64
		{B83174D2-7928-4CC4-8EF2-5223FA2F5103}.Debug|x86.ActiveCfg = Debug|Win32
		{B83174D2-7928-4CC4-8EF2-5223FA2F5103}.Debug|x86.Build.0 = Debug|Win32
		{B83174D2-7928-4CC4-8EF2-5223FA2F5103}.Release|x64.ActiveCfg = Release|x64
		{B83174D2-7928-4CC4-8EF2-5223FA2F5103}.Release|x64.Build.0 = Release|x64
		{B83174D2-7928-4CC4-8EF2-5223FA2F5103}.Release|x86.ActiveCfg = Release|Win32
		{B83174D2-7928-4CC4-8EF2-5223FA2F5103}.Release|x86.Build.0 = Release|Win32
	EndGlobalSection
	GlobalSection(SolutionProperties) = preSolution
		HideSolutionNode = FALSE
	EndGlobalSection
	GlobalSection(ExtensibilityGlobals) = postSolution
		SolutionGuid = {58260151-E66F-412F-9472-2DF2CC66D451}
	EndGlobalSection
EndGlobal
